
Microsoft Visual Studio Solution File, Format Version 12.00
# Visual Studio 2012
Project("{FAE04EC0-301F-11D3-BF4B-00C04F79EFBC}") = "SSSRAT builder", "SSSRAT builder.csproj", "{AB35A778-6BD4-4972-AB66-C302D9CACDA1}"
EndProject
Project("{FAE04EC0-301F-11D3-BF4B-00C04F79EFBC}") = "SSSRAT GUI", "..\SSSRAT GUI\SSSRAT GUI.csproj", "{498BAF03-11BE-4A9A-8E7B-8DD9843D7AEE}"
EndProject
Project("{FAE04EC0-301F-11D3-BF4B-00C04F79EFBC}") = "SSSRAT", "SSSRAT\SSSRAT.csproj", "{8C48CDB3-7E34-4E78-8C0C-71B4A557740D}"
EndProject
Global
	GlobalSection(SolutionConfigurationPlatforms) = preSolution
		Debug|Any CPU = Debug|Any CPU
		Release|Any CPU = Release|Any CPU
	EndGlobalSection
	GlobalSection(ProjectConfigurationPlatforms) = postSolution
		{AB35A778-6BD4-4972-AB66-C302D9CACDA1}.Debug|Any CPU.ActiveCfg = Debug|Any CPU
		{AB35A778-6BD4-4972-AB66-C302D9CACDA1}.Debug|Any CPU.Build.0 = Debug|Any CPU
		{AB35A778-6BD4-4972-AB66-C302D9CACDA1}.Release|Any CPU.ActiveCfg = Release|Any CPU
		{AB35A778-6BD4-4972-AB66-C302D9CACDA1}.Release|Any CPU.Build.0 = Release|Any CPU
		{498BAF03-11BE-4A9A-8E7B-8DD9843D7AEE}.Debug|Any CPU.ActiveCfg = Debug|Any CPU
		{498BAF03-11BE-4A9A-8E7B-8DD9843D7AEE}.Debug|Any CPU.Build.0 = Debug|Any CPU
		{498BAF03-11BE-4A9A-8E7B-8DD9843D7AEE}.Release|Any CPU.ActiveCfg = Release|Any CPU
		{498BAF03-11BE-4A9A-8E7B-8DD9843D7AEE}.Release|Any CPU.Build.0 = Release|Any CPU
		{8C48CDB3-7E34-4E78-8C0C-71B4A557740D}.Debug|Any CPU.ActiveCfg = Debug|Any CPU
		{8C48CDB3-7E34-4E78-8C0C-71B4A557740D}.Debug|Any CPU.Build.0 = Debug|Any CPU
		{8C48CDB3-7E34-4E78-8C0C-71B4A557740D}.Release|Any CPU.ActiveCfg = Release|Any CPU
		{8C48CDB3-7E34-4E78-8C0C-71B4A557740D}.Release|Any CPU.Build.0 = Release|Any CPU
	EndGlobalSection
	GlobalSection(SolutionProperties) = preSolution
		HideSolutionNode = FALSE
	EndGlobalSection
EndGlobal
